
Microsoft Visual Studio Solution File, Format Version 12.00
# Visual Studio Version 16
VisualStudioVersion = 16.0.28407.52
MinimumVisualStudioVersion = 10.0.40219.1
Project("{9A19103F-16F7-4668-BE54-9A1E7A4F7556}") = "101mngr.AuthorizationServer", "101mngr.AuthorizationServer\101mngr.AuthorizationServer.csproj", "{9B9CBF43-D0BE-4AEB-A3C4-9128C3654586}"
EndProject
Project("{9A19103F-16F7-4668-BE54-9A1E7A4F7556}") = "101mngr.WebApp", "101mngr.WebApp\101mngr.WebApp.csproj", "{464837BF-92CC-414A-A990-CEC4B414853B}"
EndProject
Project("{9A19103F-16F7-4668-BE54-9A1E7A4F7556}") = "101mngr.Host", "101mngr.Host\101mngr.Host.csproj", "{9740AF93-5C3C-4BA2-A224-C4D2DA5C49A2}"
EndProject
Project("{9A19103F-16F7-4668-BE54-9A1E7A4F7556}") = "101mngr.Grains", "101mngr.Grains\101mngr.Grains.csproj", "{12333375-3C43-4755-A7E8-B7457B8D0BB0}"
EndProject
Project("{9A19103F-16F7-4668-BE54-9A1E7A4F7556}") = "101mngr.Contracts", "101mngr.Contracts\101mngr.Contracts.csproj", "{AE4A7881-1CE2-4852-8A39-4FCAA58E729C}"
EndProject
Global
	GlobalSection(SolutionConfigurationPlatforms) = preSolution
		Debug|Any CPU = Debug|Any CPU
		Release|Any CPU = Release|Any CPU
	EndGlobalSection
	GlobalSection(ProjectConfigurationPlatforms) = postSolution
		{9B9CBF43-D0BE-4AEB-A3C4-9128C3654586}.Debug|Any CPU.ActiveCfg = Debug|Any CPU
		{9B9CBF43-D0BE-4AEB-A3C4-9128C3654586}.Debug|Any CPU.Build.0 = Debug|Any CPU
		{9B9CBF43-D0BE-4AEB-A3C4-9128C3654586}.Release|Any CPU.ActiveCfg = Release|Any CPU
		{9B9CBF43-D0BE-4AEB-A3C4-9128C3654586}.Release|Any CPU.Build.0 = Release|Any CPU
		{464837BF-92CC-414A-A990-CEC4B414853B}.Debug|Any CPU.ActiveCfg = Debug|Any CPU
		{464837BF-92CC-414A-A990-CEC4B414853B}.Debug|Any CPU.Build.0 = Debug|Any CPU
		{464837BF-92CC-414A-A990-CEC4B414853B}.Release|Any CPU.ActiveCfg = Release|Any CPU
		{464837BF-92CC-414A-A990-CEC4B414853B}.Release|Any CPU.Build.0 = Release|Any CPU
		{9740AF93-5C3C-4BA2-A224-C4D2DA5C49A2}.Debug|Any CPU.ActiveCfg = Debug|Any CPU
		{9740AF93-5C3C-4BA2-A224-C4D2DA5C49A2}.Debug|Any CPU.Build.0 = Debug|Any CPU
		{9740AF93-5C3C-4BA2-A224-C4D2DA5C49A2}.Release|Any CPU.ActiveCfg = Release|Any CPU
		{9740AF93-5C3C-4BA2-A224-C4D2DA5C49A2}.Release|Any CPU.Build.0 = Release|Any CPU
		{12333375-3C43-4755-A7E8-B7457B8D0BB0}.Debug|Any CPU.ActiveCfg = Debug|Any CPU
		{12333375-3C43-4755-A7E8-B7457B8D0BB0}.Debug|Any CPU.Build.0 = Debug|Any CPU
		{12333375-3C43-4755-A7E8-B7457B8D0BB0}.Release|Any CPU.ActiveCfg = Release|Any CPU
		{12333375-3C43-4755-A7E8-B7457B8D0BB0}.Release|Any CPU.Build.0 = Release|Any CPU
		{AE4A7881-1CE2-4852-8A39-4FCAA58E729C}.Debug|Any CPU.ActiveCfg = Debug|Any CPU
		{AE4A7881-1CE2-4852-8A39-4FCAA58E729C}.Debug|Any CPU.Build.0 = Debug|Any CPU
		{AE4A7881-1CE2-4852-8A39-4FCAA58E729C}.Release|Any CPU.ActiveCfg = Release|Any CPU
		{AE4A7881-1CE2-4852-8A39-4FCAA58E729C}.Release|Any CPU.Build.0 = Release|Any CPU
	EndGlobalSection
	GlobalSection(SolutionProperties) = preSolution
		HideSolutionNode = FALSE
	EndGlobalSection
	GlobalSection(ExtensibilityGlobals) = postSolution
		SolutionGuid = {0060F2B9-AA65-4A7F-8CFB-57A72667FDC8}
	EndGlobalSection
EndGlobal
